{
  "name": "hadith_analysis",
  "lockfileVersion": 3,
  "requires": true,
  "packages": {
    "": {
      "dependencies": {
        "simple-keyboard": "^3.7.93"
      }
    },
    "node_modules/simple-keyboard": {
      "version": "3.7.93",
      "resolved": "https://registry.npmjs.org/simple-keyboard/-/simple-keyboard-3.7.93.tgz",
      "integrity": "sha512-g3KDVI9oYrrcNM33QUH6rnHZlwoIRNi8N4yh9GNyp/Kaa4U00lDN4wsTPbbIFQkwGBhXupdCa9Ka0ROZ/tVvNQ=="
    }
  }
}
